
Microsoft Visual Studio Solution File, Format Version 11.00
# Visual Studio 2010
Project("{8BC9CEB8-8B4A-11D0-8D11-00A0C91BC942}") = "gmcl_shader", "gmcl_shader.vcxproj", "{C01E1E78-5943-4F8F-8A1A-E272A24F0BF5}"
EndProject
Global
	GlobalSection(SolutionConfigurationPlatforms) = preSolution
		Debug|Win32 = Debug|Win32
		Release|Win32 = Release|Win32
	EndGlobalSection
	GlobalSection(ProjectConfigurationPlatforms) = postSolution
		{C01E1E78-5943-4F8F-8A1A-E272A24F0BF5}.Debug|Win32.ActiveCfg = Debug|Win32
		{C01E1E78-5943-4F8F-8A1A-E272A24F0BF5}.Debug|Win32.Build.0 = Debug|Win32
		{C01E1E78-5943-4F8F-8A1A-E272A24F0BF5}.Release|Win32.ActiveCfg = Release|Win32
		{C01E1E78-5943-4F8F-8A1A-E272A24F0BF5}.Release|Win32.Build.0 = Release|Win32
	EndGlobalSection
	GlobalSection(SolutionProperties) = preSolution
		HideSolutionNode = FALSE
	EndGlobalSection
EndGlobal
